{
  "nodes": {
    "home-manager": {
      "inputs": {
        "nixpkgs": [
          "nixpkgs"
        ]
      },
      "locked": {
        "lastModified": 1630076227,
        "narHash": "sha256-p3YdtqSPLnMudWsLMgd6XMEhQKB2oz1hvDkHtOlz5/Q=",
        "owner": "nix-community",
        "repo": "home-manager",
        "rev": "f5adb9be829f487f99bcc0f1884f74ddb85f70c8",
        "type": "github"
      },
      "original": {
        "owner": "nix-community",
        "ref": "release-21.05",
        "repo": "home-manager",
        "type": "github"
      }
    },
    "nixos-hardware": {
      "locked": {
        "lastModified": 1629975021,
        "narHash": "sha256-+z4pK5yvoIKAIPGnyxt7I7Y9yX72HFP2krppGENpn6I=",
        "owner": "NixOS",
        "repo": "nixos-hardware",
        "rev": "342048461da7fc743e588ee744080c045613a226",
        "type": "github"
      },
      "original": {
        "owner": "NixOS",
        "ref": "master",
        "repo": "nixos-hardware",
        "type": "github"
      }
    },
    "nixpkgs": {
      "locked": {
        "lastModified": 1627984341,
        "narHash": "sha256-MRjUWSNaYiHii3oXs8Qn7+FiZyYct+bRQqxT70GpmUU=",
        "owner": "vidbina",
        "repo": "nixpkgs",
        "rev": "4feab93d28ee3b404c4b1f0f951943db10c98785",
        "type": "github"
      },
      "original": {
        "owner": "vidbina",
        "ref": "current-21.05",
        "repo": "nixpkgs",
        "type": "github"
      }
    },
    "root": {
      "inputs": {
        "home-manager": "home-manager",
        "nixos-hardware": "nixos-hardware",
        "nixpkgs": "nixpkgs",
        "vidbina-xmobar-config": "vidbina-xmobar-config",
        "vidbina-xmonad-config": "vidbina-xmonad-config"
      }
    },
    "vidbina-xmobar-config": {
      "locked": {
        "lastModified": 1630672462,
        "narHash": "sha256-I9K/3oytOPKVBFxC0z3kcGFT+KcWoOFNNu6VBOOKYZU=",
        "owner": "vidbina",
        "repo": "xmobar-configuration",
        "rev": "2432ece79729dc34c385daf151e0152782582dda",
        "type": "github"
      },
      "original": {
        "owner": "vidbina",
        "ref": "experiment-nix-flake",
        "repo": "xmobar-configuration",
        "type": "github"
      }
    },
    "vidbina-xmonad-config": {
      "locked": {
        "lastModified": 1630662535,
        "narHash": "sha256-ljY4ig+VDHub+0jlyo1khitJNa8m8J5guaQz7615+Ps=",
        "owner": "vidbina",
        "repo": "xmonad-config",
        "rev": "ee889d2ce74c276936288c77a077ea96dcb2967d",
        "type": "github"
      },
      "original": {
        "owner": "vidbina",
        "ref": "experiment-nix-flake",
        "repo": "xmonad-config",
        "type": "github"
      }
    }
  },
  "root": "root",
  "version": 7
}
